
Microsoft Visual Studio Solution File, Format Version 12.00
# Visual Studio Version 17
VisualStudioVersion = 17.8.34330.188
MinimumVisualStudioVersion = 10.0.40219.1
Project("{FAE04EC0-301F-11D3-BF4B-00C04F79EFBC}") = "CollageV2", "CollageV2\CollageV2.csproj", "{55C7EA07-1878-4A4B-8503-CCF8527E6C58}"
EndProject
Global
	GlobalSection(SolutionConfigurationPlatforms) = preSolution
		Debug|Any CPU = Debug|Any CPU
		Release|Any CPU = Release|Any CPU
	EndGlobalSection
	GlobalSection(ProjectConfigurationPlatforms) = postSolution
		{55C7EA07-1878-4A4B-8503-CCF8527E6C58}.Debug|Any CPU.ActiveCfg = Debug|Any CPU
		{55C7EA07-1878-4A4B-8503-CCF8527E6C58}.Debug|Any CPU.Build.0 = Debug|Any CPU
		{55C7EA07-1878-4A4B-8503-CCF8527E6C58}.Release|Any CPU.ActiveCfg = Release|Any CPU
		{55C7EA07-1878-4A4B-8503-CCF8527E6C58}.Release|Any CPU.Build.0 = Release|Any CPU
	EndGlobalSection
	GlobalSection(SolutionProperties) = preSolution
		HideSolutionNode = FALSE
	EndGlobalSection
	GlobalSection(ExtensibilityGlobals) = postSolution
		SolutionGuid = {3AA6ADC0-0DF7-463B-9096-D2A724799194}
	EndGlobalSection
EndGlobal
